{
   "name": "my-site",
   "version": "0.1.0",
   "lockfileVersion": 1,
   "requires": true,
   "dependencies": {
      "slick-carousel": {
         "version": "1.8.1",
         "resolved": "https://registry.npmjs.org/slick-carousel/-/slick-carousel-1.8.1.tgz",
         "integrity": "sha512-XB9Ftrf2EEKfzoQXt3Nitrt/IPbT+f1fgqBdoxO3W/+JYvtEOW6EgxnWfr9GH6nmULv7Y2tPmEX3koxThVmebA=="
      },
      "typeface-roboto": {
         "version": "0.0.54",
         "resolved": "https://registry.npmjs.org/typeface-roboto/-/typeface-roboto-0.0.54.tgz",
         "integrity": "sha512-sOFA1FXgP0gOgBYlS6irwq6hHYA370KE3dPlgYEJHL3PJd5X8gQE0RmL79ONif6fL5JZuGDj+rtOrFeOqz5IZQ=="
      }
   }
}
